
Microsoft Visual Studio Solution File, Format Version 12.00
# Visual Studio Version 17
VisualStudioVersion = 17.3.32804.467
MinimumVisualStudioVersion = 10.0.40219.1
Project("{FAE04EC0-301F-11D3-BF4B-00C04F79EFBC}") = "WebAppConsultorio", "WebAppConsultorio\WebAppConsultorio.csproj", "{D2355F63-B149-48D8-9126-FA899CAAD92B}"
EndProject
Global
	GlobalSection(SolutionConfigurationPlatforms) = preSolution
		Debug|Any CPU = Debug|Any CPU
		Release|Any CPU = Release|Any CPU
	EndGlobalSection
	GlobalSection(ProjectConfigurationPlatforms) = postSolution
		{D2355F63-B149-48D8-9126-FA899CAAD92B}.Debug|Any CPU.ActiveCfg = Debug|Any CPU
		{D2355F63-B149-48D8-9126-FA899CAAD92B}.Debug|Any CPU.Build.0 = Debug|Any CPU
		{D2355F63-B149-48D8-9126-FA899CAAD92B}.Release|Any CPU.ActiveCfg = Release|Any CPU
		{D2355F63-B149-48D8-9126-FA899CAAD92B}.Release|Any CPU.Build.0 = Release|Any CPU
	EndGlobalSection
	GlobalSection(SolutionProperties) = preSolution
		HideSolutionNode = FALSE
	EndGlobalSection
	GlobalSection(ExtensibilityGlobals) = postSolution
		SolutionGuid = {4C762D15-62A1-4AE4-9C7E-82CF820F6B08}
	EndGlobalSection
EndGlobal
